// !$*UTF8*$!
{
	archiveVersion = 1;
	classes = {
	};
	objectVersion = 50;
	objects = {

/* Begin PBXBuildFile section */
		9002F8BA20406F8F00F323DA /* AppDelegate.swift in Sources */ = {isa = PBXBuildFile; fileRef = 9002F8B920406F8F00F323DA /* AppDelegate.swift */; };
		9002F8BC20406F8F00F323DA /* MainVC.swift in Sources */ = {isa = PBXBuildFile; fileRef = 9002F8BB20406F8F00F323DA /* MainVC.swift */; };
		9002F8BF20406F8F00F323DA /* Main.storyboard in Resources */ = {isa = PBXBuildFile; fileRef = 9002F8BD20406F8F00F323DA /* Main.storyboard */; };
		9002F8C120406F9500F323DA /* Assets.xcassets in Resources */ = {isa = PBXBuildFile; fileRef = 9002F8C020406F9500F323DA /* Assets.xcassets */; };
		9002F8C420406F9500F323DA /* LaunchScreen.storyboard in Resources */ = {isa = PBXBuildFile; fileRef = 9002F8C220406F9500F323DA /* LaunchScreen.storyboard */; };
		9002F8CE2040769600F323DA /* CurrencyTxtField.swift in Sources */ = {isa = PBXBuildFile; fileRef = 9002F8CD2040769600F323DA /* CurrencyTxtField.swift */; };
		90D327062040C0CF005DADD6 /* Window_ShopperTests.swift in Sources */ = {isa = PBXBuildFile; fileRef = 90D327052040C0CF005DADD6 /* Window_ShopperTests.swift */; };
		90D3270F2040C104005DADD6 /* Wage.swift in Sources */ = {isa = PBXBuildFile; fileRef = 90D3270E2040C104005DADD6 /* Wage.swift */; };
		90D327102040C249005DADD6 /* Wage.swift in Sources */ = {isa = PBXBuildFile; fileRef = 90D3270E2040C104005DADD6 /* Wage.swift */; };
/* End PBXBuildFile section */

/* Begin PBXContainerItemProxy section */
		90D327082040C0CF005DADD6 /* PBXContainerItemProxy */ = {
			isa = PBXContainerItemProxy;
			containerPortal = 9002F8AE20406F8F00F323DA /* Project object */;
			proxyType = 1;
			remoteGlobalIDString = 9002F8B520406F8F00F323DA;
			remoteInfo = "Window-Shopper";
		};
/* End PBXContainerItemProxy section */

/* Begin PBXFileReference section */
		9002F8B620406F8F00F323DA /* Window-Shopper.app */ = {isa = PBXFileReference; explicitFileType = wrapper.application; includeInIndex = 0; path = "Window-Shopper.app"; sourceTree = BUILT_PRODUCTS_DIR; };
		9002F8B920406F8F00F323DA /* AppDelegate.swift */ = {isa = PBXFileReference; lastKnownFileType = sourcecode.swift; path = AppDelegate.swift; sourceTree = "<group>"; };
		9002F8BB20406F8F00F323DA /* MainVC.swift */ = {isa = PBXFileReference; lastKnownFileType = sourcecode.swift; path = MainVC.swift; sourceTree = "<group>"; };
		9002F8BE20406F8F00F323DA /* Base */ = {isa = PBXFileReference; lastKnownFileType = file.storyboard; name = Base; path = Base.lproj/Main.storyboard; sourceTree = "<group>"; };
		9002F8C020406F9500F323DA /* Assets.xcassets */ = {isa = PBXFileReference; lastKnownFileType = folder.assetcatalog; path = Assets.xcassets; sourceTree = "<group>"; };
		9002F8C320406F9500F323DA /* Base */ = {isa = PBXFileReference; lastKnownFileType = file.storyboard; name = Base; path = Base.lproj/LaunchScreen.storyboard; sourceTree = "<group>"; };
		9002F8C520406F9500F323DA /* Info.plist */ = {isa = PBXFileReference; lastKnownFileType = text.plist.xml; path = Info.plist; sourceTree = "<group>"; };
		9002F8CD2040769600F323DA /* CurrencyTxtField.swift */ = {isa = PBXFileReference; lastKnownFileType = sourcecode.swift; path = CurrencyTxtField.swift; sourceTree = "<group>"; };
		90D327032040C0CE005DADD6 /* Window-ShopperTests.xctest */ = {isa = PBXFileReference; explicitFileType = wrapper.cfbundle; includeInIndex = 0; path = "Window-ShopperTests.xctest"; sourceTree = BUILT_PRODUCTS_DIR; };
		90D327052040C0CF005DADD6 /* Window_ShopperTests.swift */ = {isa = PBXFileReference; lastKnownFileType = sourcecode.swift; path = Window_ShopperTests.swift; sourceTree = "<group>"; };
		90D327072040C0CF005DADD6 /* Info.plist */ = {isa = PBXFileReference; lastKnownFileType = text.plist.xml; path = Info.plist; sourceTree = "<group>"; };
		90D3270E2040C104005DADD6 /* Wage.swift */ = {isa = PBXFileReference; lastKnownFileType = sourcecode.swift; path = Wage.swift; sourceTree = "<group>"; };
/* End PBXFileReference section */

/* Begin PBXFrameworksBuildPhase section */
		9002F8B320406F8F00F323DA /* Frameworks */ = {
			isa = PBXFrameworksBuildPhase;
			buildActionMask = 2147483647;
			files = (
			);
			runOnlyForDeploymentPostprocessing = 0;
		};
		90D327002040C0CE005DADD6 /* Frameworks */ = {
			isa = PBXFrameworksBuildPhase;
			buildActionMask = 2147483647;
			files = (
			);
			runOnlyForDeploymentPostprocessing = 0;
		};
/* End PBXFrameworksBuildPhase section */

/* Begin PBXGroup section */
		9002F8AD20406F8F00F323DA = {
			isa = PBXGroup;
			children = (
				9002F8B820406F8F00F323DA /* Window-Shopper */,
				90D327042040C0CF005DADD6 /* Window-ShopperTests */,
				9002F8B720406F8F00F323DA /* Products */,
			);
			sourceTree = "<group>";
		};
		9002F8B720406F8F00F323DA /* Products */ = {
			isa = PBXGroup;
			children = (
				9002F8B620406F8F00F323DA /* Window-Shopper.app */,
				90D327032040C0CE005DADD6 /* Window-ShopperTests.xctest */,
			);
			name = Products;
			sourceTree = "<group>";
		};
		9002F8B820406F8F00F323DA /* Window-Shopper */ = {
			isa = PBXGroup;
			children = (
				90D3270D2040C0E6005DADD6 /* Model */,
				9002F8CC2040764600F323DA /* Views */,
				9002F8CB2040745C00F323DA /* Controller */,
				9002F8B920406F8F00F323DA /* AppDelegate.swift */,
				9002F8BD20406F8F00F323DA /* Main.storyboard */,
				9002F8C020406F9500F323DA /* Assets.xcassets */,
				9002F8C220406F9500F323DA /* LaunchScreen.storyboard */,
				9002F8C520406F9500F323DA /* Info.plist */,
			);
			path = "Window-Shopper";
			sourceTree = "<group>";
		};
		9002F8CB2040745C00F323DA /* Controller */ = {
			isa = PBXGroup;
			children = (
				9002F8BB20406F8F00F323DA /* MainVC.swift */,
			);
			path = Controller;
			sourceTree = "<group>";
		};
		9002F8CC2040764600F323DA /* Views */ = {
			isa = PBXGroup;
			children = (
				9002F8CD2040769600F323DA /* CurrencyTxtField.swift */,
			);
			path = Views;
			sourceTree = "<group>";
		};
		90D327042040C0CF005DADD6 /* Window-ShopperTests */ = {
			isa = PBXGroup;
			children = (
				90D327052040C0CF005DADD6 /* Window_ShopperTests.swift */,
				90D327072040C0CF005DADD6 /* Info.plist */,
			);
			path = "Window-ShopperTests";
			sourceTree = "<group>";
		};
		90D3270D2040C0E6005DADD6 /* Model */ = {
			isa = PBXGroup;
			children = (
				90D3270E2040C104005DADD6 /* Wage.swift */,
			);
			path = Model;
			sourceTree = "<group>";
		};
/* End PBXGroup section */

/* Begin PBXNativeTarget section */
		9002F8B520406F8F00F323DA /* Window-Shopper */ = {
			isa = PBXNativeTarget;
			buildConfigurationList = 9002F8C820406F9500F323DA /* Build configuration list for PBXNativeTarget "Window-Shopper" */;
			buildPhases = (
				9002F8B220406F8F00F323DA /* Sources */,
				9002F8B320406F8F00F323DA /* Frameworks */,
				9002F8B420406F8F00F323DA /* Resources */,
			);
			buildRules = (
			);
			dependencies = (
			);
			name = "Window-Shopper";
			productName = "Window-Shopper";
			productReference = 9002F8B620406F8F00F323DA /* Window-Shopper.app */;
			productType = "com.apple.product-type.application";
		};
		90D327022040C0CE005DADD6 /* Window-ShopperTests */ = {
			isa = PBXNativeTarget;
			buildConfigurationList = 90D3270C2040C0CF005DADD6 /* Build configuration list for PBXNativeTarget "Window-ShopperTests" */;
			buildPhases = (
				90D326FF2040C0CE005DADD6 /* Sources */,
				90D327002040C0CE005DADD6 /* Frameworks */,
				90D327012040C0CE005DADD6 /* Resources */,
			);
			buildRules = (
			);
			dependencies = (
				90D327092040C0CF005DADD6 /* PBXTargetDependency */,
			);
			name = "Window-ShopperTests";
			productName = "Window-ShopperTests";
			productReference = 90D327032040C0CE005DADD6 /* Window-ShopperTests.xctest */;
			productType = "com.apple.product-type.bundle.unit-test";
		};
/* End PBXNativeTarget section */

/* Begin PBXProject section */
		9002F8AE20406F8F00F323DA /* Project object */ = {
			isa = PBXProject;
			attributes = {
				LastSwiftUpdateCheck = 0930;
				LastUpgradeCheck = 0930;
				ORGANIZATIONNAME = "Soufiane Salouf";
				TargetAttributes = {
					9002F8B520406F8F00F323DA = {
						CreatedOnToolsVersion = 9.3;
					};
					90D327022040C0CE005DADD6 = {
						CreatedOnToolsVersion = 9.3;
						TestTargetID = 9002F8B520406F8F00F323DA;
					};
				};
			};
			buildConfigurationList = 9002F8B120406F8F00F323DA /* Build configuration list for PBXProject "Window-Shopper" */;
			compatibilityVersion = "Xcode 9.3";
			developmentRegion = en;
			hasScannedForEncodings = 0;
			knownRegions = (
				en,
				Base,
			);
			mainGroup = 9002F8AD20406F8F00F323DA;
			productRefGroup = 9002F8B720406F8F00F323DA /* Products */;
			projectDirPath = "";
			projectRoot = "";
			targets = (
				9002F8B520406F8F00F323DA /* Window-Shopper */,
				90D327022040C0CE005DADD6 /* Window-ShopperTests */,
			);
		};
/* End PBXProject section */

/* Begin PBXResourcesBuildPhase section */
		9002F8B420406F8F00F323DA /* Resources */ = {
			isa = PBXResourcesBuildPhase;
			buildActionMask = 2147483647;
			files = (
				9002F8C420406F9500F323DA /* LaunchScreen.storyboard in Resources */,
				9002F8C120406F9500F323DA /* Assets.xcassets in Resources */,
				9002F8BF20406F8F00F323DA /* Main.storyboard in Resources */,
			);
			runOnlyForDeploymentPostprocessing = 0;
		};
		90D327012040C0CE005DADD6 /* Resources */ = {
			isa = PBXResourcesBuildPhase;
			buildActionMask = 2147483647;
			files = (
			);
			runOnlyForDeploymentPostprocessing = 0;
		};
/* End PBXResourcesBuildPhase section */

/* Begin PBXSourcesBuildPhase section */
		9002F8B220406F8F00F323DA /* Sources */ = {
			isa = PBXSourcesBuildPhase;
			buildActionMask = 2147483647;
			files = (
				9002F8CE2040769600F323DA /* CurrencyTxtField.swift in Sources */,
				90D3270F2040C104005DADD6 /* Wage.swift in Sources */,
				9002F8BC20406F8F00F323DA /* MainVC.swift in Sources */,
				9002F8BA20406F8F00F323DA /* AppDelegate.swift in Sources */,
			);
			runOnlyForDeploymentPostprocessing = 0;
		};
		90D326FF2040C0CE005DADD6 /* Sources */ = {
			isa = PBXSourcesBuildPhase;
			buildActionMask = 2147483647;
			files = (
				90D327062040C0CF005DADD6 /* Window_ShopperTests.swift in Sources */,
				90D327102040C249005DADD6 /* Wage.swift in Sources */,
			);
			runOnlyForDeploymentPostprocessing = 0;
		};
/* End PBXSourcesBuildPhase section */

/* Begin PBXTargetDependency section */
		90D327092040C0CF005DADD6 /* PBXTargetDependency */ = {
			isa = PBXTargetDependency;
			target = 9002F8B520406F8F00F323DA /* Window-Shopper */;
			targetProxy = 90D327082040C0CF005DADD6 /* PBXContainerItemProxy */;
		};
/* End PBXTargetDependency section */

/* Begin PBXVariantGroup section */
		9002F8BD20406F8F00F323DA /* Main.storyboard */ = {
			isa = PBXVariantGroup;
			children = (
				9002F8BE20406F8F00F323DA /* Base */,
			);
			name = Main.storyboard;
			sourceTree = "<group>";
		};
		9002F8C220406F9500F323DA /* LaunchScreen.storyboard */ = {
			isa = PBXVariantGroup;
			children = (
				9002F8C320406F9500F323DA /* Base */,
			);
			name = LaunchScreen.storyboard;
			sourceTree = "<group>";
		};
/* End PBXVariantGroup section */

/* Begin XCBuildConfiguration section */
		9002F8C620406F9500F323DA /* Debug */ = {
			isa = XCBuildConfiguration;
			buildSettings = {
				ALWAYS_SEARCH_USER_PATHS = NO;
				CLANG_ANALYZER_NONNULL = YES;
				CLANG_ANALYZER_NUMBER_OBJECT_CONVERSION = YES_AGGRESSIVE;
				CLANG_CXX_LANGUAGE_STANDARD = "gnu++14";
				CLANG_CXX_LIBRARY = "libc++";
				CLANG_ENABLE_MODULES = YES;
				CLANG_ENABLE_OBJC_ARC = YES;
				CLANG_ENABLE_OBJC_WEAK = YES;
				CLANG_WARN_BLOCK_CAPTURE_AUTORELEASING = YES;
				CLANG_WARN_BOOL_CONVERSION = YES;
				CLANG_WARN_COMMA = YES;
				CLANG_WARN_CONSTANT_CONVERSION = YES;
				CLANG_WARN_DEPRECATED_OBJC_IMPLEMENTATIONS = YES;
				CLANG_WARN_DIRECT_OBJC_ISA_USAGE = YES_ERROR;
				CLANG_WARN_DOCUMENTATION_COMMENTS = YES;
				CLANG_WARN_EMPTY_BODY = YES;
				CLANG_WARN_ENUM_CONVERSION = YES;
				CLANG_WARN_INFINITE_RECURSION = YES;
				CLANG_WARN_INT_CONVERSION = YES;
				CLANG_WARN_NON_LITERAL_NULL_CONVERSION = YES;
				CLANG_WARN_OBJC_IMPLICIT_RETAIN_SELF = YES;
				CLANG_WARN_OBJC_LITERAL_CONVERSION = YES;
				CLANG_WARN_OBJC_ROOT_CLASS = YES_ERROR;
				CLANG_WARN_RANGE_LOOP_ANALYSIS = YES;
				CLANG_WARN_STRICT_PROTOTYPES = YES;
				CLANG_WARN_SUSPICIOUS_MOVE = YES;
				CLANG_WARN_UNGUARDED_AVAILABILITY = YES_AGGRESSIVE;
				CLANG_WARN_UNREACHABLE_CODE = YES;
				CLANG_WARN__DUPLICATE_METHOD_MATCH = YES;
				CODE_SIGN_IDENTITY = "iPhone Developer";
				COPY_PHASE_STRIP = NO;
				DEBUG_INFORMATION_FORMAT = dwarf;
				ENABLE_STRICT_OBJC_MSGSEND = YES;
				ENABLE_TESTABILITY = YES;
				GCC_C_LANGUAGE_STANDARD = gnu11;
				GCC_DYNAMIC_NO_PIC = NO;
				GCC_NO_COMMON_BLOCKS = YES;
				GCC_OPTIMIZATION_LEVEL = 0;
				GCC_PREPROCESSOR_DEFINITIONS = (
					"DEBUG=1",
					"$(inherited)",
				);
				GCC_WARN_64_TO_32_BIT_CONVERSION = YES;
				GCC_WARN_ABOUT_RETURN_TYPE = YES_ERROR;
				GCC_WARN_UNDECLARED_SELECTOR = YES;
				GCC_WARN_UNINITIALIZED_AUTOS = YES_AGGRESSIVE;
				GCC_WARN_UNUSED_FUNCTION = YES;
				GCC_WARN_UNUSED_VARIABLE = YES;
				IPHONEOS_DEPLOYMENT_TARGET = 11.3;
				MTL_ENABLE_DEBUG_INFO = YES;
				ONLY_ACTIVE_ARCH = YES;
				SDKROOT = iphoneos;
				SWIFT_ACTIVE_COMPILATION_CONDITIONS = DEBUG;
				SWIFT_OPTIMIZATION_LEVEL = "-Onone";
			};
			name = Debug;
		};
		9002F8C720406F9500F323DA /* Release */ = {
			isa = XCBuildConfiguration;
			buildSettings = {
				ALWAYS_SEARCH_USER_PATHS = NO;
				CLANG_ANALYZER_NONNULL = YES;
				CLANG_ANALYZER_NUMBER_OBJECT_CONVERSION = YES_AGGRESSIVE;
				CLANG_CXX_LANGUAGE_STANDARD = "gnu++14";
				CLANG_CXX_LIBRARY = "libc++";
				CLANG_ENABLE_MODULES = YES;
				CLANG_ENABLE_OBJC_ARC = YES;
				CLANG_ENABLE_OBJC_WEAK = YES;
				CLANG_WARN_BLOCK_CAPTURE_AUTORELEASING = YES;
				CLANG_WARN_BOOL_CONVERSION = YES;
				CLANG_WARN_COMMA = YES;
				CLANG_WARN_CONSTANT_CONVERSION = YES;
				CLANG_WARN_DEPRECATED_OBJC_IMPLEMENTATIONS = YES;
				CLANG_WARN_DIRECT_OBJC_ISA_USAGE = YES_ERROR;
				CLANG_WARN_DOCUMENTATION_COMMENTS = YES;
				CLANG_WARN_EMPTY_BODY = YES;
				CLANG_WARN_ENUM_CONVERSION = YES;
				CLANG_WARN_INFINITE_RECURSION = YES;
				CLANG_WARN_INT_CONVERSION = YES;
				CLANG_WARN_NON_LITERAL_NULL_CONVERSION = YES;
				CLANG_WARN_OBJC_IMPLICIT_RETAIN_SELF = YES;
				CLANG_WARN_OBJC_LITERAL_CONVERSION = YES;
				CLANG_WARN_OBJC_ROOT_CLASS = YES_ERROR;
				CLANG_WARN_RANGE_LOOP_ANALYSIS = YES;
				CLANG_WARN_STRICT_PROTOTYPES = YES;
				CLANG_WARN_SUSPICIOUS_MOVE = YES;
				CLANG_WARN_UNGUARDED_AVAILABILITY = YES_AGGRESSIVE;
				CLANG_WARN_UNREACHABLE_CODE = YES;
				CLANG_WARN__DUPLICATE_METHOD_MATCH = YES;
				CODE_SIGN_IDENTITY = "iPhone Developer";
				COPY_PHASE_STRIP = NO;
				DEBUG_INFORMATION_FORMAT = "dwarf-with-dsym";
				ENABLE_NS_ASSERTIONS = NO;
				ENABLE_STRICT_OBJC_MSGSEND = YES;
				GCC_C_LANGUAGE_STANDARD = gnu11;
				GCC_NO_COMMON_BLOCKS = YES;
				GCC_WARN_64_TO_32_BIT_CONVERSION = YES;
				GCC_WARN_ABOUT_RETURN_TYPE = YES_ERROR;
				GCC_WARN_UNDECLARED_SELECTOR = YES;
				GCC_WARN_UNINITIALIZED_AUTOS = YES_AGGRESSIVE;
				GCC_WARN_UNUSED_FUNCTION = YES;
				GCC_WARN_UNUSED_VARIABLE = YES;
				IPHONEOS_DEPLOYMENT_TARGET = 11.3;
				MTL_ENABLE_DEBUG_INFO = NO;
				SDKROOT = iphoneos;
				SWIFT_COMPILATION_MODE = wholemodule;
				SWIFT_OPTIMIZATION_LEVEL = "-O";
				VALIDATE_PRODUCT = YES;
			};
			name = Release;
		};
		9002F8C920406F9500F323DA /* Debug */ = {
			isa = XCBuildConfiguration;
			buildSettings = {
				ASSETCATALOG_COMPILER_APPICON_NAME = AppIcon;
				CODE_SIGN_STYLE = Automatic;
				DEVELOPMENT_TEAM = WZ7Q2M29G8;
				INFOPLIST_FILE = "Window-Shopper/Info.plist";
				LD_RUNPATH_SEARCH_PATHS = (
					"$(inherited)",
					"@executable_path/Frameworks",
				);
				PRODUCT_BUNDLE_IDENTIFIER = "com.saloufapps.Window-Shopper";
				PRODUCT_NAME = "$(TARGET_NAME)";
				SWIFT_VERSION = 4.0;
				TARGETED_DEVICE_FAMILY = "1,2";
			};
			name = Debug;
		};
		9002F8CA20406F9500F323DA /* Release */ = {
			isa = XCBuildConfiguration;
			buildSettings = {
				ASSETCATALOG_COMPILER_APPICON_NAME = AppIcon;
				CODE_SIGN_STYLE = Automatic;
				DEVELOPMENT_TEAM = WZ7Q2M29G8;
				INFOPLIST_FILE = "Window-Shopper/Info.plist";
				LD_RUNPATH_SEARCH_PATHS = (
					"$(inherited)",
					"@executable_path/Frameworks",
				);
				PRODUCT_BUNDLE_IDENTIFIER = "com.saloufapps.Window-Shopper";
				PRODUCT_NAME = "$(TARGET_NAME)";
				SWIFT_VERSION = 4.0;
				TARGETED_DEVICE_FAMILY = "1,2";
			};
			name = Release;
		};
		90D3270A2040C0CF005DADD6 /* Debug */ = {
			isa = XCBuildConfiguration;
			buildSettings = {
				BUNDLE_LOADER = "$(TEST_HOST)";
				CODE_SIGN_STYLE = Automatic;
				DEVELOPMENT_TEAM = WZ7Q2M29G8;
				INFOPLIST_FILE = "Window-ShopperTests/Info.plist";
				LD_RUNPATH_SEARCH_PATHS = (
					"$(inherited)",
					"@executable_path/Frameworks",
					"@loader_path/Frameworks",
				);
				PRODUCT_BUNDLE_IDENTIFIER = "com.saloufapps.Window-ShopperTests";
				PRODUCT_NAME = "$(TARGET_NAME)";
				SWIFT_VERSION = 4.0;
				TARGETED_DEVICE_FAMILY = "1,2";
				TEST_HOST = "$(BUILT_PRODUCTS_DIR)/Window-Shopper.app/Window-Shopper";
			};
			name = Debug;
		};
		90D3270B2040C0CF005DADD6 /* Release */ = {
			isa = XCBuildConfiguration;
			buildSettings = {
				BUNDLE_LOADER = "$(TEST_HOST)";
				CODE_SIGN_STYLE = Automatic;
				DEVELOPMENT_TEAM = WZ7Q2M29G8;
				INFOPLIST_FILE = "Window-ShopperTests/Info.plist";
				LD_RUNPATH_SEARCH_PATHS = (
					"$(inherited)",
					"@executable_path/Frameworks",
					"@loader_path/Frameworks",
				);
				PRODUCT_BUNDLE_IDENTIFIER = "com.saloufapps.Window-ShopperTests";
				PRODUCT_NAME = "$(TARGET_NAME)";
				SWIFT_VERSION = 4.0;
				TARGETED_DEVICE_FAMILY = "1,2";
				TEST_HOST = "$(BUILT_PRODUCTS_DIR)/Window-Shopper.app/Window-Shopper";
			};
			name = Release;
		};
/* End XCBuildConfiguration section */

/* Begin XCConfigurationList section */
		9002F8B120406F8F00F323DA /* Build configuration list for PBXProject "Window-Shopper" */ = {
			isa = XCConfigurationList;
			buildConfigurations = (
				9002F8C620406F9500F323DA /* Debug */,
				9002F8C720406F9500F323DA /* Release */,
			);
			defaultConfigurationIsVisible = 0;
			defaultConfigurationName = Release;
		};
		9002F8C820406F9500F323DA /* Build configuration list for PBXNativeTarget "Window-Shopper" */ = {
			isa = XCConfigurationList;
			buildConfigurations = (
				9002F8C920406F9500F323DA /* Debug */,
				9002F8CA20406F9500F323DA /* Release */,
			);
			defaultConfigurationIsVisible = 0;
			defaultConfigurationName = Release;
		};
		90D3270C2040C0CF005DADD6 /* Build configuration list for PBXNativeTarget "Window-ShopperTests" */ = {
			isa = XCConfigurationList;
			buildConfigurations = (
				90D3270A2040C0CF005DADD6 /* Debug */,
				90D3270B2040C0CF005DADD6 /* Release */,
			);
			defaultConfigurationIsVisible = 0;
			defaultConfigurationName = Release;
		};
/* End XCConfigurationList section */
	};
	rootObject = 9002F8AE20406F8F00F323DA /* Project object */;
}
